
Microsoft Visual Studio Solution File, Format Version 12.00
# Visual Studio Version 16
VisualStudioVersion = 16.0.29025.244
MinimumVisualStudioVersion = 10.0.40219.1
Project("{2150E333-8FDC-42A3-9474-1A3956D46DE8}") = "docs", "docs", "{44F712B5-5292-4FE6-BD8E-70883C5044AD}"
EndProject
Project("{2150E333-8FDC-42A3-9474-1A3956D46DE8}") = "tests", "tests", "{66A47B6B-521E-40EF-A5D3-284C22765616}"
EndProject
Project("{2150E333-8FDC-42A3-9474-1A3956D46DE8}") = "src", "src", "{AA0C26EA-A749-4B6F-BCA4-89588CF47E58}"
EndProject
Project("{FAE04EC0-301F-11D3-BF4B-00C04F79EFBC}") = "ThoughtWorks.MerchantsGuide.App", "src\ThoughtWorks.MerchantsGuide.App\ThoughtWorks.MerchantsGuide.App.csproj", "{5499B2F4-D8D7-4E7E-93BB-58061EBC8D9E}"
EndProject
Project("{FAE04EC0-301F-11D3-BF4B-00C04F79EFBC}") = "ThoughtWorks.MerchantsGuide.Core", "src\ThoughtWorks.MerchantsGuide\ThoughtWorks.MerchantsGuide.Core.csproj", "{70ABE96B-54F0-44A5-B423-FCA4E2345314}"
EndProject
Project("{FAE04EC0-301F-11D3-BF4B-00C04F79EFBC}") = "ThoughtWorks.MerchantsGuide.Helpers", "src\ThoughtWorks.MerchantsGuide.Helpers\ThoughtWorks.MerchantsGuide.Helpers.csproj", "{3A941DB6-0820-4816-87AB-0522AD564BE1}"
EndProject
Project("{FAE04EC0-301F-11D3-BF4B-00C04F79EFBC}") = "ThoughtWorks.MerchantsGuide.Test", "tests\ThoughtWorks.MerchantsGuide.Test\ThoughtWorks.MerchantsGuide.Test.csproj", "{AB2821D9-2F38-4B87-8FCA-4CB216D3973C}"
EndProject
Global
	GlobalSection(SolutionConfigurationPlatforms) = preSolution
		Debug|Any CPU = Debug|Any CPU
		Release|Any CPU = Release|Any CPU
	EndGlobalSection
	GlobalSection(ProjectConfigurationPlatforms) = postSolution
		{5499B2F4-D8D7-4E7E-93BB-58061EBC8D9E}.Debug|Any CPU.ActiveCfg = Debug|Any CPU
		{5499B2F4-D8D7-4E7E-93BB-58061EBC8D9E}.Debug|Any CPU.Build.0 = Debug|Any CPU
		{5499B2F4-D8D7-4E7E-93BB-58061EBC8D9E}.Release|Any CPU.ActiveCfg = Release|Any CPU
		{5499B2F4-D8D7-4E7E-93BB-58061EBC8D9E}.Release|Any CPU.Build.0 = Release|Any CPU
		{70ABE96B-54F0-44A5-B423-FCA4E2345314}.Debug|Any CPU.ActiveCfg = Debug|Any CPU
		{70ABE96B-54F0-44A5-B423-FCA4E2345314}.Debug|Any CPU.Build.0 = Debug|Any CPU
		{70ABE96B-54F0-44A5-B423-FCA4E2345314}.Release|Any CPU.ActiveCfg = Release|Any CPU
		{70ABE96B-54F0-44A5-B423-FCA4E2345314}.Release|Any CPU.Build.0 = Release|Any CPU
		{3A941DB6-0820-4816-87AB-0522AD564BE1}.Debug|Any CPU.ActiveCfg = Debug|Any CPU
		{3A941DB6-0820-4816-87AB-0522AD564BE1}.Debug|Any CPU.Build.0 = Debug|Any CPU
		{3A941DB6-0820-4816-87AB-0522AD564BE1}.Release|Any CPU.ActiveCfg = Release|Any CPU
		{3A941DB6-0820-4816-87AB-0522AD564BE1}.Release|Any CPU.Build.0 = Release|Any CPU
		{AB2821D9-2F38-4B87-8FCA-4CB216D3973C}.Debug|Any CPU.ActiveCfg = Debug|Any CPU
		{AB2821D9-2F38-4B87-8FCA-4CB216D3973C}.Debug|Any CPU.Build.0 = Debug|Any CPU
		{AB2821D9-2F38-4B87-8FCA-4CB216D3973C}.Release|Any CPU.ActiveCfg = Release|Any CPU
		{AB2821D9-2F38-4B87-8FCA-4CB216D3973C}.Release|Any CPU.Build.0 = Release|Any CPU
	EndGlobalSection
	GlobalSection(SolutionProperties) = preSolution
		HideSolutionNode = FALSE
	EndGlobalSection
	GlobalSection(NestedProjects) = preSolution
		{5499B2F4-D8D7-4E7E-93BB-58061EBC8D9E} = {AA0C26EA-A749-4B6F-BCA4-89588CF47E58}
		{70ABE96B-54F0-44A5-B423-FCA4E2345314} = {AA0C26EA-A749-4B6F-BCA4-89588CF47E58}
		{3A941DB6-0820-4816-87AB-0522AD564BE1} = {AA0C26EA-A749-4B6F-BCA4-89588CF47E58}
		{AB2821D9-2F38-4B87-8FCA-4CB216D3973C} = {66A47B6B-521E-40EF-A5D3-284C22765616}
	EndGlobalSection
	GlobalSection(ExtensibilityGlobals) = postSolution
		SolutionGuid = {748F7D95-E1FA-4B94-B934-D80AF4130C1C}
	EndGlobalSection
EndGlobal
